
Microsoft Visual Studio Solution File, Format Version 12.00
# Visual Studio Version 16
VisualStudioVersion = 16.0.28803.352
MinimumVisualStudioVersion = 10.0.40219.1
Project("{FAE04EC0-301F-11D3-BF4B-00C04F79EFBC}") = "Wordly", "Wordly.csproj", "{AAFA3539-E151-4995-94B7-D2913250785C}"
EndProject
Global
	GlobalSection(SolutionConfigurationPlatforms) = preSolution
		Debug|Any CPU = Debug|Any CPU
		Release|Any CPU = Release|Any CPU
	EndGlobalSection
	GlobalSection(ProjectConfigurationPlatforms) = postSolution
		{AAFA3539-E151-4995-94B7-D2913250785C}.Debug|Any CPU.ActiveCfg = Debug|Any CPU
		{AAFA3539-E151-4995-94B7-D2913250785C}.Debug|Any CPU.Build.0 = Debug|Any CPU
		{AAFA3539-E151-4995-94B7-D2913250785C}.Release|Any CPU.ActiveCfg = Release|Any CPU
		{AAFA3539-E151-4995-94B7-D2913250785C}.Release|Any CPU.Build.0 = Release|Any CPU
	EndGlobalSection
	GlobalSection(SolutionProperties) = preSolution
		HideSolutionNode = FALSE
	EndGlobalSection
	GlobalSection(ExtensibilityGlobals) = postSolution
		SolutionGuid = {3DB1D5A0-1DC6-4C2C-BB8F-C3640B50CEB2}
	EndGlobalSection
EndGlobal
